
Microsoft Visual Studio Solution File, Format Version 12.00
# Visual Studio Version 16
VisualStudioVersion = 16.0.32106.194
MinimumVisualStudioVersion = 10.0.40219.1
Project("{888888A0-9F3D-457C-B088-3A5042F75D52}") = "FilmenGunea", "FilmenGunea\FilmenGunea.pyproj", "{0830AF44-5157-4F23-B33D-001D52BC725A}"
EndProject
Global
	GlobalSection(SolutionConfigurationPlatforms) = preSolution
		Debug|Any CPU = Debug|Any CPU
		Release|Any CPU = Release|Any CPU
	EndGlobalSection
	GlobalSection(ProjectConfigurationPlatforms) = postSolution
		{0830AF44-5157-4F23-B33D-001D52BC725A}.Debug|Any CPU.ActiveCfg = Debug|Any CPU
		{0830AF44-5157-4F23-B33D-001D52BC725A}.Debug|Any CPU.Build.0 = Debug|Any CPU
		{0830AF44-5157-4F23-B33D-001D52BC725A}.Release|Any CPU.ActiveCfg = Release|Any CPU
		{0830AF44-5157-4F23-B33D-001D52BC725A}.Release|Any CPU.Build.0 = Release|Any CPU
	EndGlobalSection
	GlobalSection(SolutionProperties) = preSolution
		HideSolutionNode = FALSE
	EndGlobalSection
	GlobalSection(ExtensibilityGlobals) = postSolution
		SolutionGuid = {B8666ACF-FECA-48C5-AF9A-541FC64B5AEC}
	EndGlobalSection
EndGlobal
